github.com/go-chi/chi/v5 v5.0.8 h1:lD+NLqFcAi1ovnVZpsnObHGW4xb4J8lNmoYVfECH1Y0=
github.com/go-chi/chi/v5 v5.0.8/go.mod h1:DslCQbL2OYiznFReuXYUmQ2hGd1aDpCnlMNITLSKoi8=
github.com/hyphengolang/prelude v0.1.3 h1:rNwjyywvCXd7/llM9R3lx7au9BYJvG0JzI2UO0j3yEY=
github.com/hyphengolang/prelude v0.1.3/go.mod h1:O1Wj9q3gP0zJwsrLQKvE1hyVz9fZIwIsh+d7P8wOgOc=
